
Microsoft Visual Studio Solution File, Format Version 12.00
# Visual Studio Version 17
VisualStudioVersion = 17.10.34814.14
MinimumVisualStudioVersion = 10.0.40219.1
Project("{FAE04EC0-301F-11D3-BF4B-00C04F79EFBC}") = "Installer", "Installer\Installer.csproj", "{43D7F9CB-6F3D-4FFE-840A-310A5E53AF42}"
EndProject
Global
	GlobalSection(SolutionConfigurationPlatforms) = preSolution
		Debug|Any CPU = Debug|Any CPU
		Release|Any CPU = Release|Any CPU
	EndGlobalSection
	GlobalSection(ProjectConfigurationPlatforms) = postSolution
		{43D7F9CB-6F3D-4FFE-840A-310A5E53AF42}.Debug|Any CPU.ActiveCfg = Debug|Any CPU
		{43D7F9CB-6F3D-4FFE-840A-310A5E53AF42}.Debug|Any CPU.Build.0 = Debug|Any CPU
		{43D7F9CB-6F3D-4FFE-840A-310A5E53AF42}.Release|Any CPU.ActiveCfg = Release|Any CPU
		{43D7F9CB-6F3D-4FFE-840A-310A5E53AF42}.Release|Any CPU.Build.0 = Release|Any CPU
	EndGlobalSection
	GlobalSection(SolutionProperties) = preSolution
		HideSolutionNode = FALSE
	EndGlobalSection
	GlobalSection(ExtensibilityGlobals) = postSolution
		SolutionGuid = {12CF91A3-BF63-41A6-BD0B-37C719F655CF}
	EndGlobalSection
EndGlobal
